
Microsoft Visual Studio Solution File, Format Version 12.00
# Visual Studio Version 17
VisualStudioVersion = 17.9.34616.47
MinimumVisualStudioVersion = 10.0.40219.1
Project("{9A19103F-16F7-4668-BE54-9A1E7A4F7556}") = "Reddit", "Reddit.csproj", "{47D6CAFC-3BD5-4A72-BA61-63C98A3E7BFD}"
EndProject
Global
	GlobalSection(SolutionConfigurationPlatforms) = preSolution
		Debug|Any CPU = Debug|Any CPU
		Release|Any CPU = Release|Any CPU
	EndGlobalSection
	GlobalSection(ProjectConfigurationPlatforms) = postSolution
		{47D6CAFC-3BD5-4A72-BA61-63C98A3E7BFD}.Debug|Any CPU.ActiveCfg = Debug|Any CPU
		{47D6CAFC-3BD5-4A72-BA61-63C98A3E7BFD}.Debug|Any CPU.Build.0 = Debug|Any CPU
		{47D6CAFC-3BD5-4A72-BA61-63C98A3E7BFD}.Release|Any CPU.ActiveCfg = Release|Any CPU
		{47D6CAFC-3BD5-4A72-BA61-63C98A3E7BFD}.Release|Any CPU.Build.0 = Release|Any CPU
	EndGlobalSection
	GlobalSection(SolutionProperties) = preSolution
		HideSolutionNode = FALSE
	EndGlobalSection
	GlobalSection(ExtensibilityGlobals) = postSolution
		SolutionGuid = {5B636D29-E816-44CF-9C52-B888BFA2DCAB}
	EndGlobalSection
EndGlobal
